// !$*UTF8*$!
{
	archiveVersion = 1;
	classes = {
	};
	objectVersion = 46;
	objects = {

/* Begin PBXBuildFile section */
		1965608A140A1540C7E926D6 /* ViewController.swift in Sources */ = {isa = PBXBuildFile; fileRef = 196563B0270595E0AAF11DF3 /* ViewController.swift */; };
		1965620CE99662F528A6CDBE /* Info.plist in Resources */ = {isa = PBXBuildFile; fileRef = 19656368ABD59B6B408724CA /* Info.plist */; };
		196569A0A6CB94E50F36C1E3 /* Assets.xcassets in Resources */ = {isa = PBXBuildFile; fileRef = 196561D687FFE44240FCEF39 /* Assets.xcassets */; };
		19656D4FA03697D702ED6427 /* AppDelegate.swift in Sources */ = {isa = PBXBuildFile; fileRef = 19656158F7FCB1A3FB37CB39 /* AppDelegate.swift */; };
		19656D689E21CABFAC1432A0 /* Main.storyboard in Resources */ = {isa = PBXBuildFile; fileRef = 1965636AB023C3A115C80DD8 /* Main.storyboard */; };
/* End PBXBuildFile section */

/* Begin PBXFileReference section */
		19656158F7FCB1A3FB37CB39 /* AppDelegate.swift */ = {isa = PBXFileReference; lastKnownFileType = sourcecode.swift; path = AppDelegate.swift; sourceTree = "<group>"; };
		196561D687FFE44240FCEF39 /* Assets.xcassets */ = {isa = PBXFileReference; lastKnownFileType = folder.assetcatalog; path = Assets.xcassets; sourceTree = "<group>"; };
		19656228CC3EBFDD5CEEFB12 /* shipment.app */ = {isa = PBXFileReference; explicitFileType = wrapper.application; includeInIndex = 0; path = shipment.app; sourceTree = BUILT_PRODUCTS_DIR; };
		19656368ABD59B6B408724CA /* Info.plist */ = {isa = PBXFileReference; lastKnownFileType = text.plist.info; path = Info.plist; sourceTree = "<group>"; };
		196563B0270595E0AAF11DF3 /* ViewController.swift */ = {isa = PBXFileReference; lastKnownFileType = sourcecode.swift; path = ViewController.swift; sourceTree = "<group>"; };
		19656DDB57C960BF5B88F259 /* Base */ = {isa = PBXFileReference; lastKnownFileType = file.storyboard; name = Base; path = Base.lproj/Main.storyboard; sourceTree = "<group>"; };
/* End PBXFileReference section */

/* Begin PBXFrameworksBuildPhase section */
		1965643ACA02626A1432BC30 /* Frameworks */ = {
			isa = PBXFrameworksBuildPhase;
			buildActionMask = 2147483647;
			files = (
			);
			runOnlyForDeploymentPostprocessing = 0;
		};
/* End PBXFrameworksBuildPhase section */

/* Begin PBXGroup section */
		196562D2380AACE6B36443C4 /* Products */ = {
			isa = PBXGroup;
			children = (
				19656228CC3EBFDD5CEEFB12 /* shipment.app */,
			);
			name = Products;
			sourceTree = "<group>";
		};
		196564D5EB67EB86388E864D = {
			isa = PBXGroup;
			children = (
				196562D2380AACE6B36443C4 /* Products */,
				19656A7A87CA6A006A21287C /* shipment */,
			);
			sourceTree = "<group>";
		};
		19656A7A87CA6A006A21287C /* shipment */ = {
			isa = PBXGroup;
			children = (
				19656368ABD59B6B408724CA /* Info.plist */,
				196561D687FFE44240FCEF39 /* Assets.xcassets */,
				19656158F7FCB1A3FB37CB39 /* AppDelegate.swift */,
				1965636AB023C3A115C80DD8 /* Main.storyboard */,
				196563B0270595E0AAF11DF3 /* ViewController.swift */,
			);
			path = shipment;
			sourceTree = "<group>";
		};
/* End PBXGroup section */

/* Begin PBXNativeTarget section */
		1965662A886BCA23F37FD313 /* shipment */ = {
			isa = PBXNativeTarget;
			buildConfigurationList = 19656F3174BD3E1978135303 /* Build configuration list for PBXNativeTarget "shipment" */;
			buildPhases = (
				196568E50C49E716ADF5DAB7 /* Sources */,
				1965643ACA02626A1432BC30 /* Frameworks */,
				1965677916DBC3958D8EFBD3 /* Resources */,
			);
			buildRules = (
			);
			dependencies = (
			);
			name = shipment;
			productName = shipment;
			productReference = 19656228CC3EBFDD5CEEFB12 /* shipment.app */;
			productType = "com.apple.product-type.application";
		};
/* End PBXNativeTarget section */

/* Begin PBXProject section */
		1965616B1EAAE30852027FB3 /* Project object */ = {
			isa = PBXProject;
			attributes = {
				ORGANIZATIONNAME = ianluo;
			};
			buildConfigurationList = 1965686A2CB638BFD1517B0A /* Build configuration list for PBXProject "shipment" */;
			compatibilityVersion = "Xcode 3.2";
			developmentRegion = English;
			hasScannedForEncodings = 0;
			knownRegions = (
				en,
			);
			mainGroup = 196564D5EB67EB86388E864D;
			productRefGroup = 196562D2380AACE6B36443C4 /* Products */;
			projectDirPath = "";
			projectRoot = "";
			targets = (
				1965662A886BCA23F37FD313 /* shipment */,
			);
		};
/* End PBXProject section */

/* Begin PBXResourcesBuildPhase section */
		1965677916DBC3958D8EFBD3 /* Resources */ = {
			isa = PBXResourcesBuildPhase;
			buildActionMask = 2147483647;
			files = (
				1965620CE99662F528A6CDBE /* Info.plist in Resources */,
				196569A0A6CB94E50F36C1E3 /* Assets.xcassets in Resources */,
				19656D689E21CABFAC1432A0 /* Main.storyboard in Resources */,
			);
			runOnlyForDeploymentPostprocessing = 0;
		};
/* End PBXResourcesBuildPhase section */

/* Begin PBXSourcesBuildPhase section */
		196568E50C49E716ADF5DAB7 /* Sources */ = {
			isa = PBXSourcesBuildPhase;
			buildActionMask = 2147483647;
			files = (
				19656D4FA03697D702ED6427 /* AppDelegate.swift in Sources */,
				1965608A140A1540C7E926D6 /* ViewController.swift in Sources */,
			);
			runOnlyForDeploymentPostprocessing = 0;
		};
/* End PBXSourcesBuildPhase section */

/* Begin PBXVariantGroup section */
		1965636AB023C3A115C80DD8 /* Main.storyboard */ = {
			isa = PBXVariantGroup;
			children = (
				19656DDB57C960BF5B88F259 /* Base */,
			);
			name = Main.storyboard;
			sourceTree = "<group>";
		};
/* End PBXVariantGroup section */

/* Begin XCBuildConfiguration section */
		196560CCED6939984B7D9FB2 /* Release */ = {
			isa = XCBuildConfiguration;
			buildSettings = {
				ASSETCATALOG_COMPILER_APPICON_NAME = AppIcon;
				COMBINE_HIDPI_IMAGES = YES;
				INFOPLIST_FILE = shipment/Info.plist;
				LD_RUNPATH_SEARCH_PATHS = "$(inherited) @executable_path/../Frameworks";
				PRODUCT_BUNDLE_IDENTIFIER = ianluo.shipment;
				PRODUCT_NAME = "$(TARGET_NAME)";
				SWIFT_VERSION = 3.1;
			};
			name = Release;
		};
		1965636BB35DC8A0CDC36585 /* Release */ = {
			isa = XCBuildConfiguration;
			buildSettings = {
				ALWAYS_SEARCH_USER_PATHS = NO;
				CLANG_ANALYZER_NONNULL = YES;
				CLANG_ANALYZER_NUMBER_OBJECT_CONVERSION = YES_AGGRESSIVE;
				CLANG_CXX_LANGUAGE_STANDARD = "gnu++0x";
				CLANG_CXX_LIBRARY = "libc++";
				CLANG_ENABLE_MODULES = YES;
				CLANG_ENABLE_OBJC_ARC = YES;
				CLANG_WARN_BOOL_CONVERSION = YES;
				CLANG_WARN_CONSTANT_CONVERSION = YES;
				CLANG_WARN_DIRECT_OBJC_ISA_USAGE = YES_ERROR;
				CLANG_WARN_DOCUMENTATION_COMMENTS = YES;
				CLANG_WARN_EMPTY_BODY = YES;
				CLANG_WARN_ENUM_CONVERSION = YES;
				CLANG_WARN_INFINITE_RECURSION = YES;
				CLANG_WARN_INT_CONVERSION = YES;
				CLANG_WARN_OBJC_ROOT_CLASS = YES_ERROR;
				CLANG_WARN_SUSPICIOUS_MOVE = YES;
				CLANG_WARN_UNREACHABLE_CODE = YES;
				CLANG_WARN__DUPLICATE_METHOD_MATCH = YES;
				CODE_SIGN_IDENTITY = "-";
				COPY_PHASE_STRIP = NO;
				DEBUG_INFORMATION_FORMAT = "dwarf-with-dsym";
				ENABLE_NS_ASSERTIONS = NO;
				ENABLE_STRICT_OBJC_MSGSEND = YES;
				GCC_C_LANGUAGE_STANDARD = gnu99;
				GCC_NO_COMMON_BLOCKS = YES;
				GCC_WARN_64_TO_32_BIT_CONVERSION = YES;
				GCC_WARN_ABOUT_RETURN_TYPE = YES_ERROR;
				GCC_WARN_UNDECLARED_SELECTOR = YES;
				GCC_WARN_UNINITIALIZED_AUTOS = YES_AGGRESSIVE;
				GCC_WARN_UNUSED_FUNCTION = YES;
				GCC_WARN_UNUSED_VARIABLE = YES;
				MACOSX_DEPLOYMENT_TARGET = 10.12;
				MTL_ENABLE_DEBUG_INFO = NO;
				SDKROOT = macosx;
				SWIFT_OPTIMIZATION_LEVEL = "-Owholemodule";
			};
			name = Release;
		};
		196568504E1155448509B633 /* Debug */ = {
			isa = XCBuildConfiguration;
			buildSettings = {
				ALWAYS_SEARCH_USER_PATHS = NO;
				CLANG_ANALYZER_NONNULL = YES;
				CLANG_ANALYZER_NUMBER_OBJECT_CONVERSION = YES_AGGRESSIVE;
				CLANG_CXX_LANGUAGE_STANDARD = "gnu++0x";
				CLANG_CXX_LIBRARY = "libc++";
				CLANG_ENABLE_MODULES = YES;
				CLANG_ENABLE_OBJC_ARC = YES;
				CLANG_WARN_BOOL_CONVERSION = YES;
				CLANG_WARN_CONSTANT_CONVERSION = YES;
				CLANG_WARN_DIRECT_OBJC_ISA_USAGE = YES_ERROR;
				CLANG_WARN_DOCUMENTATION_COMMENTS = YES;
				CLANG_WARN_EMPTY_BODY = YES;
				CLANG_WARN_ENUM_CONVERSION = YES;
				CLANG_WARN_INFINITE_RECURSION = YES;
				CLANG_WARN_INT_CONVERSION = YES;
				CLANG_WARN_OBJC_ROOT_CLASS = YES_ERROR;
				CLANG_WARN_SUSPICIOUS_MOVE = YES;
				CLANG_WARN_UNREACHABLE_CODE = YES;
				CLANG_WARN__DUPLICATE_METHOD_MATCH = YES;
				CODE_SIGN_IDENTITY = "-";
				COPY_PHASE_STRIP = NO;
				DEBUG_INFORMATION_FORMAT = dwarf;
				ENABLE_STRICT_OBJC_MSGSEND = YES;
				ENABLE_TESTABILITY = YES;
				GCC_C_LANGUAGE_STANDARD = gnu99;
				GCC_DYNAMIC_NO_PIC = NO;
				GCC_NO_COMMON_BLOCKS = YES;
				GCC_OPTIMIZATION_LEVEL = 0;
				GCC_PREPROCESSOR_DEFINITIONS = (
					"DEBUG=1",
					"$(inherited)",
				);
				GCC_WARN_64_TO_32_BIT_CONVERSION = YES;
				GCC_WARN_ABOUT_RETURN_TYPE = YES_ERROR;
				GCC_WARN_UNDECLARED_SELECTOR = YES;
				GCC_WARN_UNINITIALIZED_AUTOS = YES_AGGRESSIVE;
				GCC_WARN_UNUSED_FUNCTION = YES;
				GCC_WARN_UNUSED_VARIABLE = YES;
				MACOSX_DEPLOYMENT_TARGET = 10.12;
				MTL_ENABLE_DEBUG_INFO = YES;
				ONLY_ACTIVE_ARCH = YES;
				SDKROOT = macosx;
				SWIFT_ACTIVE_COMPILATION_CONDITIONS = DEBUG;
				SWIFT_OPTIMIZATION_LEVEL = "-Onone";
			};
			name = Debug;
		};
		19656D2EB08270CDABC19934 /* Debug */ = {
			isa = XCBuildConfiguration;
			buildSettings = {
				ASSETCATALOG_COMPILER_APPICON_NAME = AppIcon;
				COMBINE_HIDPI_IMAGES = YES;
				INFOPLIST_FILE = shipment/Info.plist;
				LD_RUNPATH_SEARCH_PATHS = "$(inherited) @executable_path/../Frameworks";
				PRODUCT_BUNDLE_IDENTIFIER = ianluo.shipment;
				PRODUCT_NAME = "$(TARGET_NAME)";
				SWIFT_VERSION = 3.1;
			};
			name = Debug;
		};
/* End XCBuildConfiguration section */

/* Begin XCConfigurationList section */
		1965686A2CB638BFD1517B0A /* Build configuration list for PBXProject "shipment" */ = {
			isa = XCConfigurationList;
			buildConfigurations = (
				196568504E1155448509B633 /* Debug */,
				1965636BB35DC8A0CDC36585 /* Release */,
			);
			defaultConfigurationIsVisible = 0;
			defaultConfigurationName = Release;
		};
		19656F3174BD3E1978135303 /* Build configuration list for PBXNativeTarget "shipment" */ = {
			isa = XCConfigurationList;
			buildConfigurations = (
				19656D2EB08270CDABC19934 /* Debug */,
				196560CCED6939984B7D9FB2 /* Release */,
			);
			defaultConfigurationIsVisible = 0;
		};
/* End XCConfigurationList section */
	};
	rootObject = 1965616B1EAAE30852027FB3 /* Project object */;
}
